%{
  "absinthe": {:hex, :absinthe, "1.4.8", "ef450f84a6bd2fc5a4eeed49a9aba4005f7b00d00715a185c59792a67c7a620a", [:mix], [{:dataloader, "~> 1.0.0", [hex: :dataloader, optional: true]}, {:decimal, "~> 1.0", [hex: :decimal, optional: true]}]},
  "absinthe_ecto": {:hex, :absinthe_ecto, "0.1.3", "420b68129e79fe4571a4838904ba03e282330d335da47729ad52ffd7b8c5fcb1", [:mix], [{:absinthe, "~> 1.3.0 or ~> 1.4.0", [hex: :absinthe, optional: false]}, {:ecto, ">= 0.0.0", [hex: :ecto, optional: false]}]},
  "absinthe_plug": {:hex, :absinthe_plug, "1.4.2", "01bf16f0a637869bcc0a1919935f08ff853501004e7549ddaa3a7788deb48965", [:mix], [{:absinthe, "~> 1.4", [hex: :absinthe, optional: false]}, {:plug, "~> 1.3.2 or ~> 1.4", [hex: :plug, optional: false]}]},
  "absinthe_relay": {:hex, :absinthe_relay, "1.4.2", "3f0fb926fe03a90d7da41fe62a790dafca2fcdd29c2028a6b9830f848aa97b67", [:mix], [{:absinthe, "~> 1.4", [hex: :absinthe, optional: false]}, {:ecto, "~> 2.0", [hex: :ecto, optional: true]}]},
  "arc": {:hex, :arc, "0.8.0", "bb7cf8ea50f30f9c2bb357270c074def42a7ec6a3b4605be731cc5faf8fde6fd", [:mix], [{:ex_aws, "~> 1.1", [hex: :ex_aws, optional: true]}, {:httpoison, "~> 0.11", [hex: :httpoison, optional: false]}, {:poison, "~> 2.2 or ~> 3.1", [hex: :poison, optional: true]}, {:sweet_xml, "~> 0.6", [hex: :sweet_xml, optional: true]}]},
  "arc_ecto": {:git, "https://github.com/breeze-yang/arc_ecto.git", "382938d697a0674c095d2d57f42368e6edc656ac", [branch: "master"]},
  "base64url": {:hex, :base64url, "0.0.1", "36a90125f5948e3afd7be97662a1504b934dd5dac78451ca6e9abf85a10286be", [:rebar], []},
  "certifi": {:hex, :certifi, "2.0.0", "a0c0e475107135f76b8c1d5bc7efb33cd3815cb3cf3dea7aefdd174dabead064", [:rebar3], []},
  "combine": {:hex, :combine, "0.10.0", "eff8224eeb56498a2af13011d142c5e7997a80c8f5b97c499f84c841032e429f", [:mix], []},
  "connection": {:hex, :connection, "1.0.4", "a1cae72211f0eef17705aaededacac3eb30e6625b04a6117c1b2db6ace7d5976", [:mix], []},
  "cowboy": {:hex, :cowboy, "1.1.2", "61ac29ea970389a88eca5a65601460162d370a70018afe6f949a29dca91f3bb0", [:rebar3], [{:cowlib, "~> 1.0.2", [hex: :cowlib, optional: false]}, {:ranch, "~> 1.3.2", [hex: :ranch, optional: false]}]},
  "cowlib": {:hex, :cowlib, "1.0.2", "9d769a1d062c9c3ac753096f868ca121e2730b9a377de23dec0f7e08b1df84ee", [:make], []},
  "csvlixir": {:hex, :csvlixir, "1.0.0", "e9fd30abfca2d312390060e86bb7ec52487c813824dcccad45bb13e85ecad6b1", [:mix], []},
  "db_connection": {:hex, :db_connection, "1.1.3", "89b30ca1ef0a3b469b1c779579590688561d586694a3ce8792985d4d7e575a61", [:mix], [{:connection, "~> 1.0.2", [hex: :connection, optional: false]}, {:poolboy, "~> 1.5", [hex: :poolboy, optional: true]}, {:sbroker, "~> 1.0", [hex: :sbroker, optional: true]}]},
  "decimal": {:hex, :decimal, "1.4.1", "ad9e501edf7322f122f7fc151cce7c2a0c9ada96f2b0155b8a09a795c2029770", [:mix], []},
  "distillery": {:hex, :distillery, "1.5.3", "b2f4fc34ec71ab4f1202a796f9290e068883b042319aa8c9aa45377ecac8597a", [:mix], []},
  "ecto": {:hex, :ecto, "2.2.8", "a4463c0928b970f2cee722cd29aaac154e866a15882c5737e0038bbfcf03ec2c", [:mix], [{:db_connection, "~> 1.1", [hex: :db_connection, optional: true]}, {:decimal, "~> 1.2", [hex: :decimal, optional: false]}, {:mariaex, "~> 0.8.0", [hex: :mariaex, optional: true]}, {:poison, "~> 2.2 or ~> 3.0", [hex: :poison, optional: true]}, {:poolboy, "~> 1.5", [hex: :poolboy, optional: false]}, {:postgrex, "~> 0.13.0", [hex: :postgrex, optional: true]}, {:sbroker, "~> 1.0", [hex: :sbroker, optional: true]}]},
  "ecto_enum": {:hex, :ecto_enum, "1.1.0", "d44fe2ce6e1c0e907e7c3b6456a69e0f1d662348d8b4e2a662ba312223d8ff62", [:mix], [{:ecto, ">= 2.0.0", [hex: :ecto, optional: false]}, {:mariaex, ">= 0.0.0", [hex: :mariaex, optional: true]}, {:postgrex, ">= 0.0.0", [hex: :postgrex, optional: true]}]},
  "ex_admin": {:git, "https://github.com/edwardzhou/ex_admin.git", "b8c4849a6c1485f6ef0a91ecee93ea60bf87dd29", [branch: "phx-1.3"]},
  "ex_queb": {:hex, :ex_queb, "1.0.0", "d4bdc430913c1d083f8b10b2bc0034b51aa32cdda760cf10773a31e8dd5f3786", [:mix], [{:ecto, "~> 2.0", [hex: :ecto, optional: false]}]},
  "exactor": {:hex, :exactor, "2.2.4", "5efb4ddeb2c48d9a1d7c9b465a6fffdd82300eb9618ece5d34c3334d5d7245b1", [:mix], []},
  "file_system": {:hex, :file_system, "0.2.4", "f0bdda195c0e46e987333e986452ec523aed21d784189144f647c43eaf307064", [:mix], []},
  "gettext": {:hex, :gettext, "0.14.0", "1a019a2e51d5ad3d126efe166dcdf6563768e5d06c32a99ad2281a1fa94b4c72", [:mix], []},
  "guardian": {:hex, :guardian, "1.0.1", "db0fbaf571c3b874785818b7272eaf5f1ed97a2f9b1f8bc5dc8b0fb8f8f7bb06", [:mix], [{:jose, "~> 1.8", [hex: :jose, optional: false]}, {:phoenix, "~> 1.0 or ~> 1.2 or ~> 1.3", [hex: :phoenix, optional: true]}, {:plug, "~> 1.3.3 or ~> 1.4", [hex: :plug, optional: true]}, {:poison, "~> 2.2 or ~> 3.0", [hex: :poison, optional: false]}, {:uuid, ">= 1.1.1", [hex: :uuid, optional: false]}]},
  "hackney": {:hex, :hackney, "1.11.0", "4951ee019df102492dabba66a09e305f61919a8a183a7860236c0fde586134b6", [:rebar3], [{:certifi, "2.0.0", [hex: :certifi, optional: false]}, {:idna, "5.1.0", [hex: :idna, optional: false]}, {:metrics, "1.0.1", [hex: :metrics, optional: false]}, {:mimerl, "1.0.2", [hex: :mimerl, optional: false]}, {:ssl_verify_fun, "1.1.1", [hex: :ssl_verify_fun, optional: false]}]},
  "httpoison": {:hex, :httpoison, "0.13.0", "bfaf44d9f133a6599886720f3937a7699466d23bb0cd7a88b6ba011f53c6f562", [:mix], [{:hackney, "~> 1.8", [hex: :hackney, optional: false]}]},
  "idna": {:hex, :idna, "5.1.0", "d72b4effeb324ad5da3cab1767cb16b17939004e789d8c0ad5b70f3cea20c89a", [:rebar3], [{:unicode_util_compat, "0.3.1", [hex: :unicode_util_compat, optional: false]}]},
  "inflex": {:hex, :inflex, "1.9.0", "2bef01a84437bca0a12fc107821ae7771b0ba847dccab5d1cd61f35972e66813", [:mix], []},
  "jose": {:hex, :jose, "1.8.4", "7946d1e5c03a76ac9ef42a6e6a20001d35987afd68c2107bcd8f01a84e75aa73", [:mix, :rebar3], [{:base64url, "~> 0.0.1", [hex: :base64url, optional: false]}]},
  "logger_file_backend": {:hex, :logger_file_backend, "0.0.10", "876f9f84ae110781207c54321ffbb62bebe02946fe3c13f0d7c5f5d8ad4fa910", [], [], "hexpm"},
  "metrics": {:hex, :metrics, "1.0.1", "25f094dea2cda98213cecc3aeff09e940299d950904393b2a29d191c346a8486", [:rebar3], []},
  "mime": {:hex, :mime, "1.2.0", "78adaa84832b3680de06f88f0997e3ead3b451a440d183d688085be2d709b534", [:mix], []},
  "mimerl": {:hex, :mimerl, "1.0.2", "993f9b0e084083405ed8252b99460c4f0563e41729ab42d9074fd5e52439be88", [:rebar3], []},
  "oauth2": {:hex, :oauth2, "0.9.2", "db2f1c5a2c01a21f14a7527c3c31b87c9b156532d8a3761428bf6ff710b119b6", [:mix], [{:hackney, "~> 1.7", [hex: :hackney, optional: false]}]},
  "phoenix": {:hex, :phoenix, "1.3.0", "1c01124caa1b4a7af46f2050ff11b267baa3edb441b45dbf243e979cd4c5891b", [:mix], [{:cowboy, "~> 1.0", [hex: :cowboy, optional: true]}, {:phoenix_pubsub, "~> 1.0", [hex: :phoenix_pubsub, optional: false]}, {:plug, "~> 1.3.3 or ~> 1.4", [hex: :plug, optional: false]}, {:poison, "~> 2.2 or ~> 3.0", [hex: :poison, optional: false]}]},
  "phoenix_ecto": {:hex, :phoenix_ecto, "3.3.0", "702f6e164512853d29f9d20763493f2b3bcfcb44f118af2bc37bb95d0801b480", [:mix], [{:ecto, "~> 2.1", [hex: :ecto, optional: false]}, {:phoenix_html, "~> 2.9", [hex: :phoenix_html, optional: true]}, {:plug, "~> 1.0", [hex: :plug, optional: false]}]},
  "phoenix_html": {:hex, :phoenix_html, "2.10.5", "4f9df6b0fb7422a9440a73182a566cb9cbe0e3ffe8884ef9337ccf284fc1ef0a", [:mix], [{:plug, "~> 1.0", [hex: :plug, optional: false]}]},
  "phoenix_live_reload": {:hex, :phoenix_live_reload, "1.1.3", "1d178429fc8950b12457d09c6afec247bfe1fcb6f36209e18fbb0221bdfe4d41", [:mix], [{:file_system, "~> 0.2.1 or ~> 0.3", [hex: :file_system, optional: false]}, {:phoenix, "~> 1.0 or ~> 1.2 or ~> 1.3", [hex: :phoenix, optional: false]}]},
  "phoenix_pubsub": {:hex, :phoenix_pubsub, "1.0.2", "bfa7fd52788b5eaa09cb51ff9fcad1d9edfeb68251add458523f839392f034c1", [:mix], []},
  "plug": {:hex, :plug, "1.4.3", "236d77ce7bf3e3a2668dc0d32a9b6f1f9b1f05361019946aae49874904be4aed", [:mix], [{:cowboy, "~> 1.0.1 or ~> 1.1", [hex: :cowboy, optional: true]}, {:mime, "~> 1.0", [hex: :mime, optional: false]}]},
  "poison": {:hex, :poison, "3.1.0", "d9eb636610e096f86f25d9a46f35a9facac35609a7591b3be3326e99a0484665", [:mix], []},
  "poolboy": {:hex, :poolboy, "1.5.1", "6b46163901cfd0a1b43d692657ed9d7e599853b3b21b95ae5ae0a777cf9b6ca8", [:rebar], []},
  "postgrex": {:hex, :postgrex, "0.13.5", "3d931aba29363e1443da167a4b12f06dcd171103c424de15e5f3fc2ba3e6d9c5", [:mix], [{:connection, "~> 1.0", [hex: :connection, optional: false]}, {:db_connection, "~> 1.1", [hex: :db_connection, optional: false]}, {:decimal, "~> 1.0", [hex: :decimal, optional: false]}]},
  "ranch": {:hex, :ranch, "1.3.2", "e4965a144dc9fbe70e5c077c65e73c57165416a901bd02ea899cfd95aa890986", [:rebar3], []},
  "scrivener": {:hex, :scrivener, "2.5.0", "e1f78c62b6806d91cc9c4778deef1ea4e80aa9fadfce2c16831afe0468cc8a2c", [:mix], []},
  "scrivener_ecto": {:hex, :scrivener_ecto, "1.3.0", "69698428e22810ac8a47abc12d1df5b2f5d8f6b36dc5d5bfe6dd93fde857c576", [:mix], [{:ecto, "~> 2.0", [hex: :ecto, optional: false]}, {:postgrex, "~> 0.11.0 or ~> 0.12.0 or ~> 0.13.0", [hex: :postgrex, optional: true]}, {:scrivener, "~> 2.4", [hex: :scrivener, optional: false]}]},
  "snowflake": {:hex, :snowflake, "1.0.3", "b120c8ffea4cd24f32fa93a1f02e3f285a0b66c9d6dc082ec608a0d5dbe19286", [:mix], []},
  "ssl_verify_fun": {:hex, :ssl_verify_fun, "1.1.1", "28a4d65b7f59893bc2c7de786dec1e1555bd742d336043fe644ae956c3497fbe", [:make, :rebar], []},
  "timex": {:hex, :timex, "3.2.1", "639975eac45c4c08c2dbf7fc53033c313ff1f94fad9282af03619a3826493612", [:mix], [{:combine, "~> 0.10", [hex: :combine, optional: false]}, {:gettext, "~> 0.10", [hex: :gettext, optional: false]}, {:tzdata, "~> 0.1.8 or ~> 0.5", [hex: :tzdata, optional: false]}]},
  "tzdata": {:hex, :tzdata, "0.5.16", "13424d3afc76c68ff607f2df966c0ab4f3258859bbe3c979c9ed1606135e7352", [:mix], [{:hackney, "~> 1.0", [hex: :hackney, optional: false]}]},
  "ueberauth": {:hex, :ueberauth, "0.5.0", "4570ec94d7f784dc4c4aa94c83391dbd9b9bd7b66baa30e95a666c5ec1b168b1", [:mix], [{:plug, "~> 1.2", [hex: :plug, optional: false]}]},
  "ueberauth_github": {:hex, :ueberauth_github, "0.6.0", "fef5c06dda2140bf2a5707f37ed6110b1487b14b1214873b605bb48a0b212c17", [:mix], [{:oauth2, "~> 0.9", [hex: :oauth2, optional: false]}, {:ueberauth, "~> 0.4", [hex: :ueberauth, optional: false]}]},
  "ueberauth_wechat": {:git, "https://github.com/edwardzhou/ueberauth_wechat.git", "5051641b0fd03d057ffa4e4f34a8e6ce399d5aab", []},
  "unicode_util_compat": {:hex, :unicode_util_compat, "0.3.1", "a1f612a7b512638634a603c8f401892afbf99b8ce93a45041f8aaca99cadb85e", [:rebar3], []},
  "uuid": {:hex, :uuid, "1.1.8", "e22fc04499de0de3ed1116b770c7737779f226ceefa0badb3592e64d5cfb4eb9", [:mix], []},
  "xain": {:hex, :xain, "0.6.0", "5b61cfe3ffc17904759ee30a699f9e0b1aefd943e996ee4cafea76e5b2f59e3a", [:mix], []},
}
